
Microsoft Visual Studio Solution File, Format Version 12.00
# Visual Studio Version 17
VisualStudioVersion = 17.11.35208.52
MinimumVisualStudioVersion = 10.0.40219.1
Project("{8BC9CEB8-8B4A-11D0-8D11-00A0C91BC942}") = "P16PacketDecryptor", "P16PacketDecryptor.vcxproj", "{0D527E19-35B2-4881-A3B8-BD003F65BFF5}"
EndProject
Global
	GlobalSection(SolutionConfigurationPlatforms) = preSolution
		Debug|x64 = Debug|x64
		Debug|x86 = Debug|x86
		Release|x64 = Release|x64
		Release|x86 = Release|x86
	EndGlobalSection
	GlobalSection(ProjectConfigurationPlatforms) = postSolution
		{0D527E19-35B2-4881-A3B8-BD003F65BFF5}.Debug|x64.ActiveCfg = Debug|x64
		{0D527E19-35B2-4881-A3B8-BD003F65BFF5}.Debug|x64.Build.0 = Debug|x64
		{0D527E19-35B2-4881-A3B8-BD003F65BFF5}.Debug|x86.ActiveCfg = Debug|Win32
		{0D527E19-35B2-4881-A3B8-BD003F65BFF5}.Debug|x86.Build.0 = Debug|Win32
		{0D527E19-35B2-4881-A3B8-BD003F65BFF5}.Release|x64.ActiveCfg = Release|x64
		{0D527E19-35B2-4881-A3B8-BD003F65BFF5}.Release|x64.Build.0 = Release|x64
		{0D527E19-35B2-4881-A3B8-BD003F65BFF5}.Release|x86.ActiveCfg = Release|Win32
		{0D527E19-35B2-4881-A3B8-BD003F65BFF5}.Release|x86.Build.0 = Release|Win32
	EndGlobalSection
	GlobalSection(SolutionProperties) = preSolution
		HideSolutionNode = FALSE
	EndGlobalSection
	GlobalSection(ExtensibilityGlobals) = postSolution
		SolutionGuid = {2421BF15-7C96-4B1E-9C4F-27998DB4056F}
	EndGlobalSection
EndGlobal
