<?xml version="1.0" encoding="utf-8"?>
<Project ToolsVersion="4.0" xmlns="http://schemas.microsoft.com/developer/msbuild/2003">
  <ItemGroup>
    <Filter Include="Source Files">
      <UniqueIdentifier>{4FC737F1-C7A5-4376-A066-2A32D752A2FF}</UniqueIdentifier>
      <Extensions>cpp;c;cc;cxx;c++;cppm;ixx;def;odl;idl;hpj;bat;asm;asmx</Extensions>
    </Filter>
    <Filter Include="Header Files">
      <UniqueIdentifier>{93995380-89BD-4b04-88EB-625FBE52EBFB}</UniqueIdentifier>
      <Extensions>h;hh;hpp;hxx;h++;hm;inl;inc;ipp;xsd</Extensions>
    </Filter>
    <Filter Include="Resource Files">
      <UniqueIdentifier>{67DA6AB6-F800-4c08-8B7A-83BB121AAD01}</UniqueIdentifier>
      <Extensions>rc;ico;cur;bmp;dlg;rc2;rct;bin;rgs;gif;jpg;jpeg;jpe;resx;tiff;tif;png;wav;mfcribbon-ms</Extensions>
    </Filter>
    <Filter Include="Source Files\lightpcapng">
      <UniqueIdentifier>{177d31de-938e-4d74-9295-3017d61748d2}</UniqueIdentifier>
    </Filter>
    <Filter Include="Header Files\lightpcapng">
      <UniqueIdentifier>{73305c17-848e-4696-9297-02aca05b7bcf}</UniqueIdentifier>
    </Filter>
  </ItemGroup>
  <ItemGroup>
    <ClCompile Include="P16PacketDecryptor.cpp">
      <Filter>Source Files</Filter>
    </ClCompile>
    <ClCompile Include="sha256.c">
      <Filter>Source Files</Filter>
    </ClCompile>
    <ClCompile Include="pkcs7_padding.c">
      <Filter>Source Files</Filter>
    </ClCompile>
    <ClCompile Include="hmac_sha256.c">
      <Filter>Source Files</Filter>
    </ClCompile>
    <ClCompile Include="aes.c">
      <Filter>Source Files</Filter>
    </ClCompile>
    <ClCompile Include="P16AuthenticatedEncryption.cpp">
      <Filter>Source Files</Filter>
    </ClCompile>
    <ClCompile Include="lightpcapng\src\light_advanced.c">
      <Filter>Source Files\lightpcapng</Filter>
    </ClCompile>
    <ClCompile Include="lightpcapng\src\light_alloc.c">
      <Filter>Source Files\lightpcapng</Filter>
    </ClCompile>
    <ClCompile Include="lightpcapng\src\light_internal.c">
      <Filter>Source Files\lightpcapng</Filter>
    </ClCompile>
    <ClCompile Include="lightpcapng\src\light_io.c">
      <Filter>Source Files\lightpcapng</Filter>
    </ClCompile>
    <ClCompile Include="lightpcapng\src\light_manipulate.c">
      <Filter>Source Files\lightpcapng</Filter>
    </ClCompile>
    <ClCompile Include="lightpcapng\src\light_option.c">
      <Filter>Source Files\lightpcapng</Filter>
    </ClCompile>
    <ClCompile Include="lightpcapng\src\light_pcapng.c">
      <Filter>Source Files\lightpcapng</Filter>
    </ClCompile>
    <ClCompile Include="lightpcapng\src\light_pcapng_cont.c">
      <Filter>Source Files\lightpcapng</Filter>
    </ClCompile>
    <ClCompile Include="lightpcapng\src\light_pcapng_ext.c">
      <Filter>Source Files\lightpcapng</Filter>
    </ClCompile>
    <ClCompile Include="lightpcapng\src\light_platform.c">
      <Filter>Source Files\lightpcapng</Filter>
    </ClCompile>
    <ClCompile Include="ini.c">
      <Filter>Source Files</Filter>
    </ClCompile>
  </ItemGroup>
  <ItemGroup>
    <ClInclude Include="RakNetInitStructs.h">
      <Filter>Header Files</Filter>
    </ClInclude>
    <ClInclude Include="sha256.h">
      <Filter>Header Files</Filter>
    </ClInclude>
    <ClInclude Include="hmac_sha256.h">
      <Filter>Header Files</Filter>
    </ClInclude>
    <ClInclude Include="aes.h">
      <Filter>Header Files</Filter>
    </ClInclude>
    <ClInclude Include="aes.hpp">
      <Filter>Header Files</Filter>
    </ClInclude>
    <ClInclude Include="pkcs7_padding.h">
      <Filter>Header Files</Filter>
    </ClInclude>
    <ClInclude Include="P16AuthenticatedEncryption.h">
      <Filter>Header Files</Filter>
    </ClInclude>
    <ClInclude Include="catTunnelStruct.h">
      <Filter>Header Files</Filter>
    </ClInclude>
    <ClInclude Include="lightpcapng\include\light_debug.h">
      <Filter>Header Files\lightpcapng</Filter>
    </ClInclude>
    <ClInclude Include="lightpcapng\include\light_internal.h">
      <Filter>Header Files\lightpcapng</Filter>
    </ClInclude>
    <ClInclude Include="lightpcapng\include\light_pcapng.h">
      <Filter>Header Files\lightpcapng</Filter>
    </ClInclude>
    <ClInclude Include="lightpcapng\include\light_pcapng_ext.h">
      <Filter>Header Files\lightpcapng</Filter>
    </ClInclude>
    <ClInclude Include="lightpcapng\include\light_platform.h">
      <Filter>Header Files\lightpcapng</Filter>
    </ClInclude>
    <ClInclude Include="lightpcapng\include\light_special.h">
      <Filter>Header Files\lightpcapng</Filter>
    </ClInclude>
    <ClInclude Include="lightpcapng\include\light_types.h">
      <Filter>Header Files\lightpcapng</Filter>
    </ClInclude>
    <ClInclude Include="lightpcapng\include\light_util.h">
      <Filter>Header Files\lightpcapng</Filter>
    </ClInclude>
    <ClInclude Include="ini.h">
      <Filter>Header Files</Filter>
    </ClInclude>
    <ClInclude Include="NetworkingStructs.h">
      <Filter>Header Files</Filter>
    </ClInclude>
  </ItemGroup>
  <ItemGroup>
    <None Include="README.md" />
  </ItemGroup>
  <ItemGroup>
    <Text Include="LICENSE.txt" />
  </ItemGroup>
</Project>